{
  "name": "wtf-api",
  "lockfileVersion": 2,
  "requires": true,
  "packages": {
    "": {
      "dependencies": {
        "wtfprotocol-helpers": "^1.0.0"
      },
      "version": "1.0.1"
    },
    "node_modules/wtfprotocol-helpers": {
      "version": "1.0.0",
      "resolved": "https://registry.npmjs.org/wtfprotocol-helpers/-/wtfprotocol-helpers-1.0.0.tgz",
      "integrity": "sha512-tkHxjPTSSPCl/4p33VTyFQquFSoQL3e1I6EQJaBF7vEjlrGnchkbiMjtN1rClN3PbfMM3duOkY0ELCkpiP+O9Q=="
    }
  },
  "dependencies": {
    "wtfprotocol-helpers": {
      "version": "1.0.0",
      "resolved": "https://registry.npmjs.org/wtfprotocol-helpers/-/wtfprotocol-helpers-1.0.0.tgz",
      "integrity": "sha512-tkHxjPTSSPCl/4p33VTyFQquFSoQL3e1I6EQJaBF7vEjlrGnchkbiMjtN1rClN3PbfMM3duOkY0ELCkpiP+O9Q=="
    }
  },
  "version": "1.0.1"
}
